
Microsoft Visual Studio Solution File, Format Version 12.00
# Visual Studio 15
VisualStudioVersion = 15.0.26730.3
MinimumVisualStudioVersion = 10.0.40219.1
Project("{FAE04EC0-301F-11D3-BF4B-00C04F79EFBC}") = "OuWebsiteTeam_RestaurantWebUI", "OuWebsiteTeam_RestaurantWebUI\OuWebsiteTeam_RestaurantWebUI.csproj", "{5A0CE3AA-B260-4540-89F9-565983983A99}"
EndProject
Project("{FAE04EC0-301F-11D3-BF4B-00C04F79EFBC}") = "OuWebsiteTeam_RestaurantService", "OuWebsiteTeam_RestaurantService\OuWebsiteTeam_RestaurantService.csproj", "{CEB1D652-32B7-45F3-8BDF-CCC08A42CE5F}"
EndProject
Global
	GlobalSection(SolutionConfigurationPlatforms) = preSolution
		Debug|Any CPU = Debug|Any CPU
		Release|Any CPU = Release|Any CPU
	EndGlobalSection
	GlobalSection(ProjectConfigurationPlatforms) = postSolution
		{5A0CE3AA-B260-4540-89F9-565983983A99}.Debug|Any CPU.ActiveCfg = Debug|Any CPU
		{5A0CE3AA-B260-4540-89F9-565983983A99}.Debug|Any CPU.Build.0 = Debug|Any CPU
		{5A0CE3AA-B260-4540-89F9-565983983A99}.Release|Any CPU.ActiveCfg = Release|Any CPU
		{5A0CE3AA-B260-4540-89F9-565983983A99}.Release|Any CPU.Build.0 = Release|Any CPU
		{CEB1D652-32B7-45F3-8BDF-CCC08A42CE5F}.Debug|Any CPU.ActiveCfg = Debug|Any CPU
		{CEB1D652-32B7-45F3-8BDF-CCC08A42CE5F}.Debug|Any CPU.Build.0 = Debug|Any CPU
		{CEB1D652-32B7-45F3-8BDF-CCC08A42CE5F}.Release|Any CPU.ActiveCfg = Release|Any CPU
		{CEB1D652-32B7-45F3-8BDF-CCC08A42CE5F}.Release|Any CPU.Build.0 = Release|Any CPU
	EndGlobalSection
	GlobalSection(SolutionProperties) = preSolution
		HideSolutionNode = FALSE
	EndGlobalSection
	GlobalSection(ExtensibilityGlobals) = postSolution
		SolutionGuid = {5123118E-986A-4673-AC6A-E5E397064382}
	EndGlobalSection
EndGlobal
